{
    "_meta": {
        "hash": {
            "sha256": "800dc5e768c72e6686869a84c0c1e5c54a23d869be8f495dbe20000d4850a674"
        },
        "pipfile-spec": 6,
        "requires": {
            "python_version": "3.10"
        },
        "sources": [
            {
                "name": "pypi",
                "url": "https://pypi.org/simple",
                "verify_ssl": true
            }
        ]
    },
    "default": {
        "pypdf2": {
            "hashes": [
                "sha256:3c7badd512c21711eb1789c2eadbf96279289c0f94452ee54a86473bfbefd732",
                "sha256:7291a552ead2e7c2d556cce03bf71842fbbab478fcba13ae75ab1d59746b4dcb"
            ],
            "index": "pypi",
            "version": "==2.11.1"
        }
    },
    "develop": {}
}
